version: 6
environments:
  default:
    channels:
    - url: https://conda.anaconda.org/conda-forge/
    packages:
      linux-64:
      - conda: https://conda.anaconda.org/conda-forge/linux-64/_libgcc_mutex-0.1-conda_forge.tar.bz2
      - conda: https://conda.anaconda.org/conda-forge/linux-64/_openmp_mutex-4.5-2_gnu.tar.bz2
      - conda: https://conda.anaconda.org/conda-forge/linux-64/clang-format-21-21.1.7-default_h99862b1_0.conda
      - conda: https://conda.anaconda.org/conda-forge/linux-64/clang-format-21.1.7-default_h99862b1_0.conda
      - conda: https://conda.anaconda.org/conda-forge/linux-64/dotnet-10.0.100-ha770c72_0.conda
      - conda: https://conda.anaconda.org/conda-forge/linux-64/dotnet-aspnetcore-10.0.0-ha770c72_0.conda
      - conda: https://conda.anaconda.org/conda-forge/linux-64/dotnet-runtime-10.0.0-h84d6215_0.conda
      - conda: https://conda.anaconda.org/conda-forge/linux-64/dotnet-sdk-10.0.100-h84d6215_0.conda
      - conda: https://conda.anaconda.org/conda-forge/linux-64/icu-75.1-he02047a_0.conda
      - conda: https://conda.anaconda.org/conda-forge/linux-64/libclang-cpp21.1-21.1.7-default_h99862b1_0.conda
      - conda: https://conda.anaconda.org/conda-forge/linux-64/libgcc-15.2.0-he0feb66_14.conda
      - conda: https://conda.anaconda.org/conda-forge/linux-64/libgcc-ng-15.2.0-h69a702a_14.conda
      - conda: https://conda.anaconda.org/conda-forge/linux-64/libgomp-15.2.0-he0feb66_14.conda
      - conda: https://conda.anaconda.org/conda-forge/linux-64/libiconv-1.18-h3b78370_2.conda
      - conda: https://conda.anaconda.org/conda-forge/linux-64/libllvm21-21.1.7-hf7376ad_0.conda
      - conda: https://conda.anaconda.org/conda-forge/linux-64/liblzma-5.8.1-hb9d3cd8_2.conda
      - conda: https://conda.anaconda.org/conda-forge/linux-64/libstdcxx-15.2.0-h934c35e_14.conda
      - conda: https://conda.anaconda.org/conda-forge/linux-64/libstdcxx-ng-15.2.0-hdf11a46_14.conda
      - conda: https://conda.anaconda.org/conda-forge/linux-64/libxml2-16-2.15.1-ha9997c6_0.conda
      - conda: https://conda.anaconda.org/conda-forge/linux-64/libxml2-2.15.1-h26afc86_0.conda
      - conda: https://conda.anaconda.org/conda-forge/linux-64/libzlib-1.3.1-hb9d3cd8_2.conda
      - conda: https://conda.anaconda.org/conda-forge/noarch/omnisharp-roslyn-1.39.13-h267e887_0.conda
      - conda: https://conda.anaconda.org/conda-forge/linux-64/zstd-1.5.7-h3691f8a_5.conda
      linux-aarch64:
      - conda: https://conda.anaconda.org/conda-forge/linux-aarch64/_openmp_mutex-4.5-2_gnu.tar.bz2
      - conda: https://conda.anaconda.org/conda-forge/noarch/ca-certificates-2025.11.12-hbd8a1cb_0.conda
      - conda: https://conda.anaconda.org/conda-forge/linux-aarch64/clang-format-21-21.1.6-default_he95a3c9_0.conda
      - conda: https://conda.anaconda.org/conda-forge/linux-aarch64/clang-format-21.1.6-default_he95a3c9_0.conda
      - conda: https://conda.anaconda.org/conda-forge/linux-aarch64/dotnet-10.0.100-h8af1aa0_0.conda
      - conda: https://conda.anaconda.org/conda-forge/linux-aarch64/dotnet-aspnetcore-10.0.0-h8af1aa0_0.conda
      - conda: https://conda.anaconda.org/conda-forge/linux-aarch64/dotnet-runtime-10.0.0-h17cf362_0.conda
      - conda: https://conda.anaconda.org/conda-forge/linux-aarch64/dotnet-sdk-10.0.100-h17cf362_0.conda
      - conda: https://conda.anaconda.org/conda-forge/linux-aarch64/icu-75.1-hf9b3779_0.conda
      - conda: https://conda.anaconda.org/conda-forge/linux-aarch64/libclang-cpp21.1-21.1.6-default_he95a3c9_0.conda
      - conda: https://conda.anaconda.org/conda-forge/linux-aarch64/libgcc-15.2.0-h8acb6b2_14.conda
      - conda: https://conda.anaconda.org/conda-forge/linux-aarch64/libgcc-ng-15.2.0-he9431aa_14.conda
      - conda: https://conda.anaconda.org/conda-forge/linux-aarch64/libgomp-15.2.0-h8acb6b2_14.conda
      - conda: https://conda.anaconda.org/conda-forge/linux-aarch64/libiconv-1.18-h90929bb_2.conda
      - conda: https://conda.anaconda.org/conda-forge/linux-aarch64/libllvm21-21.1.7-hfd2ba90_0.conda
      - conda: https://conda.anaconda.org/conda-forge/linux-aarch64/liblzma-5.8.1-h86ecc28_2.conda
      - conda: https://conda.anaconda.org/conda-forge/linux-aarch64/libstdcxx-15.2.0-hef695bb_14.conda
      - conda: https://conda.anaconda.org/conda-forge/linux-aarch64/libstdcxx-ng-15.2.0-hdbbeba8_14.conda
      - conda: https://conda.anaconda.org/conda-forge/linux-aarch64/libxml2-16-2.15.1-h8591a01_0.conda
      - conda: https://conda.anaconda.org/conda-forge/linux-aarch64/libxml2-2.15.1-h788dabe_0.conda
      - conda: https://conda.anaconda.org/conda-forge/linux-aarch64/libzlib-1.3.1-h86ecc28_2.conda
      - conda: https://conda.anaconda.org/conda-forge/noarch/omnisharp-roslyn-1.39.13-h267e887_0.conda
      - conda: https://conda.anaconda.org/conda-forge/linux-aarch64/openssl-3.6.0-h8e36d6e_0.conda
      - conda: https://conda.anaconda.org/conda-forge/linux-aarch64/zstd-1.5.7-hefd9da6_5.conda
      osx-64:
      - conda: https://conda.anaconda.org/conda-forge/osx-64/clang-format-21-21.1.6-default_hc369343_0.conda
      - conda: https://conda.anaconda.org/conda-forge/osx-64/clang-format-21.1.6-default_hc369343_0.conda
      - conda: https://conda.anaconda.org/conda-forge/osx-64/dotnet-10.0.100-h694c41f_0.conda
      - conda: https://conda.anaconda.org/conda-forge/osx-64/dotnet-aspnetcore-10.0.0-h694c41f_0.conda
      - conda: https://conda.anaconda.org/conda-forge/osx-64/dotnet-runtime-10.0.0-h694c41f_0.conda
      - conda: https://conda.anaconda.org/conda-forge/osx-64/dotnet-sdk-10.0.100-h694c41f_0.conda
      - conda: https://conda.anaconda.org/conda-forge/osx-64/icu-75.1-h120a0e1_0.conda
      - conda: https://conda.anaconda.org/conda-forge/osx-64/libclang-cpp21.1-21.1.6-default_hc369343_0.conda
      - conda: https://conda.anaconda.org/conda-forge/osx-64/libcxx-21.1.7-h3d58e20_0.conda
      - conda: https://conda.anaconda.org/conda-forge/osx-64/libiconv-1.18-h57a12c2_2.conda
      - conda: https://conda.anaconda.org/conda-forge/osx-64/libllvm21-21.1.7-h56e7563_0.conda
      - conda: https://conda.anaconda.org/conda-forge/osx-64/liblzma-5.8.1-hd471939_2.conda
      - conda: https://conda.anaconda.org/conda-forge/osx-64/libxml2-16-2.15.1-ha1d9b0f_0.conda
      - conda: https://conda.anaconda.org/conda-forge/osx-64/libxml2-2.15.1-h7b7ecba_0.conda
      - conda: https://conda.anaconda.org/conda-forge/osx-64/libzlib-1.3.1-hd23fc13_2.conda
      - conda: https://conda.anaconda.org/conda-forge/noarch/omnisharp-roslyn-1.39.13-h267e887_0.conda
      - conda: https://conda.anaconda.org/conda-forge/osx-64/zstd-1.5.7-h281d3d1_5.conda
      win-64:
      - conda: https://conda.anaconda.org/conda-forge/win-64/clang-format-21.1.6-default_hac490eb_0.conda
      - conda: https://conda.anaconda.org/conda-forge/win-64/dotnet-10.0.100-h57928b3_0.conda
      - conda: https://conda.anaconda.org/conda-forge/win-64/dotnet-aspnetcore-10.0.0-h57928b3_0.conda
      - conda: https://conda.anaconda.org/conda-forge/win-64/dotnet-desktop-10.0.0-h57928b3_0.conda
      - conda: https://conda.anaconda.org/conda-forge/win-64/dotnet-runtime-10.0.0-h57928b3_0.conda
      - conda: https://conda.anaconda.org/conda-forge/win-64/dotnet-sdk-10.0.100-h57928b3_0.conda
      - conda: https://conda.anaconda.org/conda-forge/noarch/omnisharp-roslyn-1.39.13-h267e887_0.conda
      - conda: https://conda.anaconda.org/conda-forge/win-64/ucrt-10.0.26100.0-h57928b3_0.conda
      - conda: https://conda.anaconda.org/conda-forge/win-64/vc-14.3-h2b53caa_32.conda
      - conda: https://conda.anaconda.org/conda-forge/win-64/vc14_runtime-14.44.35208-h818238b_32.conda
      - conda: https://conda.anaconda.org/conda-forge/win-64/vcomp14-14.44.35208-h818238b_32.conda
packages:
- conda: https://conda.anaconda.org/conda-forge/linux-64/_libgcc_mutex-0.1-conda_forge.tar.bz2
  sha256: fe51de6107f9edc7aa4f786a70f4a883943bc9d39b3bb7307c04c41410990726
  md5: d7c89558ba9fa0495403155b64376d81
  license: None
  size: 2562
  timestamp: 1578324546067
- conda: https://conda.anaconda.org/conda-forge/linux-64/_openmp_mutex-4.5-2_gnu.tar.bz2
  build_number: 16
  sha256: fbe2c5e56a653bebb982eda4876a9178aedfc2b545f25d0ce9c4c0b508253d22
  md5: 73aaf86a425cc6e73fcf236a5a46396d
  depends:
  - _libgcc_mutex 0.1 conda_forge
  - libgomp >=7.5.0
  constrains:
  - openmp_impl 9999
  license: BSD-3-Clause
  license_family: BSD
  size: 23621
  timestamp: 1650670423406
- conda: https://conda.anaconda.org/conda-forge/linux-aarch64/_openmp_mutex-4.5-2_gnu.tar.bz2
  build_number: 16
  sha256: 3702bef2f0a4d38bd8288bbe54aace623602a1343c2cfbefd3fa188e015bebf0
  md5: 6168d71addc746e8f2b8d57dfd2edcea
  depends:
  - libgomp >=7.5.0
  constrains:
  - openmp_impl 9999
  license: BSD-3-Clause
  license_family: BSD
  size: 23712
  timestamp: 1650670790230
- conda: https://conda.anaconda.org/conda-forge/noarch/ca-certificates-2025.11.12-hbd8a1cb_0.conda
  sha256: b986ba796d42c9d3265602bc038f6f5264095702dd546c14bc684e60c385e773
  md5: f0991f0f84902f6b6009b4d2350a83aa
  depends:
  - __unix
  license: ISC
  size: 152432
  timestamp: 1762967197890
- conda: https://conda.anaconda.org/conda-forge/linux-64/clang-format-21.1.7-default_h99862b1_0.conda
  sha256: 674fef7ef2d5430c6f32ca790828cacd105fc7fcc106b5882ea4c20569c7124f
  md5: aad7d85e829642e57a83cbd116522d68
  depends:
  - __glibc >=2.17,<3.0.a0
  - clang-format-21 21.1.7 default_h99862b1_0
  - libclang-cpp21.1 >=21.1.7,<21.2.0a0
  - libgcc >=14
  - libllvm21 >=21.1.7,<21.2.0a0
  - libstdcxx >=14
  license: Apache-2.0 WITH LLVM-exception
  license_family: Apache
  size: 27247
  timestamp: 1764758250390
- conda: https://conda.anaconda.org/conda-forge/linux-aarch64/clang-format-21.1.6-default_he95a3c9_0.conda
  sha256: bc65e1a3bb410cfadcad385b6fb0b368818419625cbce649bb60fbd4fc13397d
  md5: 58e0f9b94c3b5d54c4229809d1c382e9
  depends:
  - clang-format-21 21.1.6 default_he95a3c9_0
  - libclang-cpp21.1 >=21.1.6,<21.2.0a0
  - libgcc >=14
  - libllvm21 >=21.1.6,<21.2.0a0
  - libstdcxx >=14
  license: Apache-2.0 WITH LLVM-exception
  license_family: Apache
  size: 25383
  timestamp: 1763565754938
- conda: https://conda.anaconda.org/conda-forge/osx-64/clang-format-21.1.6-default_hc369343_0.conda
  sha256: ba9e192fb07f416cb3a3f967e397f5613e959205b82c962fe0975a6d104f41bf
  md5: b5a3bbb50ce6b1300051dc7ba02f8d6d
  depends:
  - __osx >=10.13
  - clang-format-21 21.1.6 default_hc369343_0
  - libclang-cpp21.1 >=21.1.6,<21.2.0a0
  - libcxx >=21.1.6
  - libllvm21 >=21.1.6,<21.2.0a0
  license: Apache-2.0 WITH LLVM-exception
  license_family: Apache
  size: 25268
  timestamp: 1763566850746
- conda: https://conda.anaconda.org/conda-forge/win-64/clang-format-21.1.6-default_hac490eb_0.conda
  sha256: 1366236f38d3dbea9a085626b043286894fc1d1e0b1830c94a89ad8dbe675cb2
  md5: ca56f471d2e6fb2d55e5637aa9563301
  depends:
  - ucrt >=10.0.20348.0
  - vc >=14.3,<15
  - vc14_runtime >=14.44.35208
  license: Apache-2.0 WITH LLVM-exception
  license_family: Apache
  size: 1232008
  timestamp: 1763567952582
- conda: https://conda.anaconda.org/conda-forge/linux-64/clang-format-21-21.1.7-default_h99862b1_0.conda
  sha256: 6e95dde5cec1e076b82dc7f2091b39acd59533bae019d28ad58a07dbfe49a69e
  md5: 7874a42e8927039d7199a5f0c43700b2
  depends:
  - __glibc >=2.17,<3.0.a0
  - libclang-cpp21.1 >=21.1.7,<21.2.0a0
  - libgcc >=14
  - libllvm21 >=21.1.7,<21.2.0a0
  - libstdcxx >=14
  license: Apache-2.0 WITH LLVM-exception
  license_family: Apache
  size: 70056
  timestamp: 1764758186146
- conda: https://conda.anaconda.org/conda-forge/linux-aarch64/clang-format-21-21.1.6-default_he95a3c9_0.conda
  sha256: 9b6ae7a62d19b1684a676f7c1a1c449d2d6eb485c0c97696e5b1292c60c2a127
  md5: 0d48410ac98e95548ab77ceecd73634d
  depends:
  - libclang-cpp21.1 >=21.1.6,<21.2.0a0
  - libgcc >=14
  - libllvm21 >=21.1.6,<21.2.0a0
  - libstdcxx >=14
  license: Apache-2.0 WITH LLVM-exception
  license_family: Apache
  size: 68817
  timestamp: 1763565707639
- conda: https://conda.anaconda.org/conda-forge/osx-64/clang-format-21-21.1.6-default_hc369343_0.conda
  sha256: ba158f6d0feb1ac7a6bc8e972735af5b157282db08573870bab0766bce30870a
  md5: 481a8197bb509b0712563e6ea425534e
  depends:
  - __osx >=10.13
  - libclang-cpp21.1 >=21.1.6,<21.2.0a0
  - libcxx >=21.1.6
  - libllvm21 >=21.1.6,<21.2.0a0
  license: Apache-2.0 WITH LLVM-exception
  license_family: Apache
  size: 64347
  timestamp: 1763566677133
- conda: https://conda.anaconda.org/conda-forge/linux-64/dotnet-10.0.100-ha770c72_0.conda
  sha256: 7012b1842ffe09fa2b61a3222db17af2c061f16d1e79cd3b58c73c43dccf68a0
  md5: abe49f771c5fecc9855a5705b0e437d7
  depends:
  - dotnet-aspnetcore 10.0.0.*
  - dotnet-runtime 10.0.0.*
  - dotnet-sdk 10.0.100.*
  license: MIT
  license_family: MIT
  size: 14498
  timestamp: 1764576558044
- conda: https://conda.anaconda.org/conda-forge/linux-aarch64/dotnet-10.0.100-h8af1aa0_0.conda
  sha256: 2459b07c7b1bb37042b0b7966634d3d78532236ce82c52646e731616fdc87300
  md5: 86ba6f1113b447ae53c260b499c9c1a2
  depends:
  - dotnet-aspnetcore 10.0.0.*
  - dotnet-runtime 10.0.0.*
  - dotnet-sdk 10.0.100.*
  license: MIT
  license_family: MIT
  size: 14596
  timestamp: 1764576474342
- conda: https://conda.anaconda.org/conda-forge/osx-64/dotnet-10.0.100-h694c41f_0.conda
  sha256: fa1991fea56c29198a8f4fe5fb00adf608def11312ad6c7b66f6a5eb1f59ae0a
  md5: 98e7ea29d2c1e7a836da0c8a15e9a2e9
  depends:
  - dotnet-aspnetcore 10.0.0.*
  - dotnet-runtime 10.0.0.*
  - dotnet-sdk 10.0.100.*
  license: MIT
  license_family: MIT
  size: 14612
  timestamp: 1764576624530
- conda: https://conda.anaconda.org/conda-forge/win-64/dotnet-10.0.100-h57928b3_0.conda
  sha256: fc7e44d8f6470fea023855528926179df8ae4a0d4f4764f846397d3096002aac
  md5: 980307b45a6d86cc2a903daab088afda
  depends:
  - dotnet-aspnetcore 10.0.0.*
  - dotnet-desktop 10.0.0.*
  - dotnet-runtime 10.0.0.*
  - dotnet-sdk 10.0.100.*
  license: MIT
  license_family: MIT
  size: 18466
  timestamp: 1764576787404
- conda: https://conda.anaconda.org/conda-forge/linux-64/dotnet-aspnetcore-10.0.0-ha770c72_0.conda
  sha256: 79b784418a2520a0f7531b25e7cca51dbf8285d976306d2b38141c31dda2a6e7
  md5: 107daf40acd021436b34fb3e52c936a6
  depends:
  - dotnet-runtime 10.0.0.*
  license: MIT
  license_family: MIT
  size: 9231956
  timestamp: 1764576329593
- conda: https://conda.anaconda.org/conda-forge/linux-aarch64/dotnet-aspnetcore-10.0.0-h8af1aa0_0.conda
  sha256: a50adf6cb02b4306b21256cbbfb0fc26a3b9076f174fcbd98769a6c223b994c4
  md5: c00e57c042955644397328485dac8409
  depends:
  - dotnet-runtime 10.0.0.*
  license: MIT
  license_family: MIT
  size: 8716839
  timestamp: 1764576267032
- conda: https://conda.anaconda.org/conda-forge/osx-64/dotnet-aspnetcore-10.0.0-h694c41f_0.conda
  sha256: 2cbcb0c0129837eb26f42ca95883f463722420b3331f0046f7f7ad7439ff6ac1
  md5: 39f9d287c7455157b9e6fcd284e3c997
  depends:
  - dotnet-runtime 10.0.0.*
  license: MIT
  license_family: MIT
  size: 9232430
  timestamp: 1764576416189
- conda: https://conda.anaconda.org/conda-forge/win-64/dotnet-aspnetcore-10.0.0-h57928b3_0.conda
  sha256: 5ac7e44bb571b8d7f88046f3256782371b5a81e99ed7af54a9f194ba35cfe561
  md5: 3c5c1d99fc7008eeefbe9efecb230742
  depends:
  - dotnet-runtime 10.0.0.*
  license: MIT
  license_family: MIT
  size: 9549992
  timestamp: 1764576431404
- conda: https://conda.anaconda.org/conda-forge/win-64/dotnet-desktop-10.0.0-h57928b3_0.conda
  sha256: d9312f8956d12dd7ad515e04096b4fa44179630ca91c25d9d264aaf44f45a496
  md5: f784673d502ef648cdebc6ac233f8f9b
  depends:
  - dotnet-runtime 10.0.0.*
  license: MIT
  license_family: MIT
  size: 29183584
  timestamp: 1764576475675
- conda: https://conda.anaconda.org/conda-forge/linux-64/dotnet-runtime-10.0.0-h84d6215_0.conda
  sha256: 6cd38decdc40b67427c532beeb1bebb7d43881f005ac405b07f0c0ebccb0817d
  md5: aae41f008fb51777cfada693ee8c2019
  depends:
  - __glibc >=2.17,<3.0.a0
  - icu
  - libgcc >=13
  - libstdcxx >=13
  license: MIT
  license_family: MIT
  size: 28731851
  timestamp: 1764576298576
- conda: https://conda.anaconda.org/conda-forge/linux-aarch64/dotnet-runtime-10.0.0-h17cf362_0.conda
  sha256: e7b4b85ea5e6b035215f7715120b9b25bcac349ca3151be937778eddb7c8fee6
  md5: b99478e6b5631ae33f90dc7d671d4235
  depends:
  - icu
  - libgcc >=13
  - libstdcxx >=13
  - openssl
  license: MIT
  license_family: MIT
  size: 26632608
  timestamp: 1764576235572
- conda: https://conda.anaconda.org/conda-forge/osx-64/dotnet-runtime-10.0.0-h694c41f_0.conda
  sha256: 282f73888a00bd8b63c97deab85ce9a2d16262f9b14a37791d2bfe1f6d9e4989
  md5: 2c454d791546e76c5303b97c6bfbd72e
  depends:
  - icu
  license: MIT
  license_family: MIT
  size: 28118729
  timestamp: 1764576384974
- conda: https://conda.anaconda.org/conda-forge/win-64/dotnet-runtime-10.0.0-h57928b3_0.conda
  sha256: 0707dfd8eb03aae3263b25b36fae3aeef332feaf89e25278d10211ddda0b5771
  md5: 459da043d2e99f92f7ea123f9f3824ca
  license: MIT
  license_family: MIT
  size: 28926799
  timestamp: 1764576397445
- conda: https://conda.anaconda.org/conda-forge/linux-64/dotnet-sdk-10.0.100-h84d6215_0.conda
  sha256: 00b9b82d63c9aa797e79f3a85296271d22c29addc6111e22d06183b85557b5a6
  md5: 5bd7e88caab18d6fa1d1808232513b30
  depends:
  - __glibc >=2.17,<3.0.a0
  - dotnet-runtime 10.0.0.*
  - libgcc >=13
  - libstdcxx >=13
  license: MIT
  license_family: MIT
  size: 136504807
  timestamp: 1764576365568
- conda: https://conda.anaconda.org/conda-forge/linux-aarch64/dotnet-sdk-10.0.100-h17cf362_0.conda
  sha256: 0c107ad7825b41eb4b36fdce42fc1e0824d70498baaaa10f5c01fd8791052726
  md5: c16015e3e017dd7173134a8b6fc0089a
  depends:
  - dotnet-runtime 10.0.0.*
  - libgcc >=13
  - libstdcxx >=13
  license: MIT
  license_family: MIT
  size: 131666487
  timestamp: 1764576298804
- conda: https://conda.anaconda.org/conda-forge/osx-64/dotnet-sdk-10.0.100-h694c41f_0.conda
  sha256: 314b7823207acb421745c2fc8ab1b41f023eb199555ccdf6dbf28edc1e8b90e7
  md5: 02b49d4f720b803460d79560f57c95c0
  depends:
  - dotnet-runtime 10.0.0.*
  license: MIT
  license_family: MIT
  size: 136772564
  timestamp: 1764576451925
- conda: https://conda.anaconda.org/conda-forge/win-64/dotnet-sdk-10.0.100-h57928b3_0.conda
  sha256: dd599c2f3677a53becdf6b2360bb55f86e748216411692af310bb22118e92241
  md5: 5eb46845e8f3d9d06b19adcc94cda530
  depends:
  - dotnet-runtime 10.0.0.*
  license: MIT
  license_family: MIT
  size: 143429902
  timestamp: 1764576558695
- conda: https://conda.anaconda.org/conda-forge/linux-64/icu-75.1-he02047a_0.conda
  sha256: 71e750d509f5fa3421087ba88ef9a7b9be11c53174af3aa4d06aff4c18b38e8e
  md5: 8b189310083baabfb622af68fd9d3ae3
  depends:
  - __glibc >=2.17,<3.0.a0
  - libgcc-ng >=12
  - libstdcxx-ng >=12
  license: MIT
  license_family: MIT
  size: 12129203
  timestamp: 1720853576813
- conda: https://conda.anaconda.org/conda-forge/linux-aarch64/icu-75.1-hf9b3779_0.conda
  sha256: 813298f2e54ef087dbfc9cc2e56e08ded41de65cff34c639cc8ba4e27e4540c9
  md5: 268203e8b983fddb6412b36f2024e75c
  depends:
  - libgcc-ng >=12
  - libstdcxx-ng >=12
  license: MIT
  license_family: MIT
  size: 12282786
  timestamp: 1720853454991
- conda: https://conda.anaconda.org/conda-forge/osx-64/icu-75.1-h120a0e1_0.conda
  sha256: 2e64307532f482a0929412976c8450c719d558ba20c0962832132fd0d07ba7a7
  md5: d68d48a3060eb5abdc1cdc8e2a3a5966
  depends:
  - __osx >=10.13
  license: MIT
  license_family: MIT
  size: 11761697
  timestamp: 1720853679409
- conda: https://conda.anaconda.org/conda-forge/linux-64/libclang-cpp21.1-21.1.7-default_h99862b1_0.conda
  sha256: 8408e8b7dc4ac90bc011f76732277e6567645258c201a67803afd4804e9b5cd5
  md5: e0015b7d1873038a184e073c0d87bdd5
  depends:
  - __glibc >=2.17,<3.0.a0
  - libgcc >=14
  - libllvm21 >=21.1.7,<21.2.0a0
  - libstdcxx >=14
  license: Apache-2.0 WITH LLVM-exception
  license_family: Apache
  size: 21068618
  timestamp: 1764757807779
- conda: https://conda.anaconda.org/conda-forge/linux-aarch64/libclang-cpp21.1-21.1.6-default_he95a3c9_0.conda
  sha256: 16ab2b2884ceededa62855680f9ee76f31881c0a4043506667c0ff7f7d2f842c
  md5: 6457ea18e8c2a534017aa7c7c88768eb
  depends:
  - libgcc >=14
  - libllvm21 >=21.1.6,<21.2.0a0
  - libstdcxx >=14
  license: Apache-2.0 WITH LLVM-exception
  license_family: Apache
  size: 20647658
  timestamp: 1763565272067
- conda: https://conda.anaconda.org/conda-forge/osx-64/libclang-cpp21.1-21.1.6-default_hc369343_0.conda
  sha256: b122bbb2f4d56e1deb065c867730ec025082208f829417e5cf8ad332c6e45a91
  md5: b4ad89d30ad1fefff00206b21d36e95c
  depends:
  - __osx >=10.13
  - libcxx >=21.1.6
  - libllvm21 >=21.1.6,<21.2.0a0
  license: Apache-2.0 WITH LLVM-exception
  license_family: Apache
  size: 14447344
  timestamp: 1763565412310
- conda: https://conda.anaconda.org/conda-forge/osx-64/libcxx-21.1.7-h3d58e20_0.conda
  sha256: 0ac1b1d1072a14fe8fd3a871c8ca0b411f0fdf30de70e5c95365a149bd923ac8
  md5: 67c086bf0efc67b54a235dd9184bd7a2
  depends:
  - __osx >=10.13
  license: Apache-2.0 WITH LLVM-exception
  license_family: Apache
  size: 571564
  timestamp: 1764676139160
- conda: https://conda.anaconda.org/conda-forge/linux-64/libgcc-15.2.0-he0feb66_14.conda
  sha256: 947bfbe5e47cd5d0cbdb0926d4baadb3e9be25caca7c6c6ef516f7ef85052cec
  md5: 550dceb769d23bcf0e2f97fd4062d720
  depends:
  - __glibc >=2.17,<3.0.a0
  - _openmp_mutex >=4.5
  constrains:
  - libgomp 15.2.0 he0feb66_14
  - libgcc-ng ==15.2.0=*_14
  license: GPL-3.0-only WITH GCC-exception-3.1
  license_family: GPL
  size: 1041047
  timestamp: 1764277103389
- conda: https://conda.anaconda.org/conda-forge/linux-aarch64/libgcc-15.2.0-h8acb6b2_14.conda
  sha256: 827a0848aa93221e078522a933b6de498aad0c52ab568f935bcc19060b995dbb
  md5: 43ff19fcf6f6737770018bb20bb2a9f9
  depends:
  - _openmp_mutex >=4.5
  constrains:
  - libgomp 15.2.0 h8acb6b2_14
  - libgcc-ng ==15.2.0=*_14
  license: GPL-3.0-only WITH GCC-exception-3.1
  license_family: GPL
  size: 620723
  timestamp: 1764276398571
- conda: https://conda.anaconda.org/conda-forge/linux-64/libgcc-ng-15.2.0-h69a702a_14.conda
  sha256: 48a77fde940b4b877c0ed24efd562c135170a46d100c07cd2d7b67e842e30642
  md5: 6c13aaae36d7514f28bd5544da1a7bb8
  depends:
  - libgcc 15.2.0 he0feb66_14
  license: GPL-3.0-only WITH GCC-exception-3.1
  license_family: GPL
  size: 27157
  timestamp: 1764277114484
- conda: https://conda.anaconda.org/conda-forge/linux-aarch64/libgcc-ng-15.2.0-he9431aa_14.conda
  sha256: 7b25d20e9cf637520e71b3382db89d8457aec38bf0d1f8ed20d50eb2457f0131
  md5: acd92c808b9f95f5b28db20054306ba7
  depends:
  - libgcc 15.2.0 h8acb6b2_14
  license: GPL-3.0-only WITH GCC-exception-3.1
  license_family: GPL
  size: 27086
  timestamp: 1764276407434
- conda: https://conda.anaconda.org/conda-forge/linux-64/libgomp-15.2.0-he0feb66_14.conda
  sha256: 2017cbc0f0f3b1d15df9ca681960eef015f9f58ba0d6e841694277a9f7eae0fc
  md5: 91349c276f84f590487e4c7f6e90e077
  depends:
  - __glibc >=2.17,<3.0.a0
  license: GPL-3.0-only WITH GCC-exception-3.1
  license_family: GPL
  size: 604220
  timestamp: 1764277020855
- conda: https://conda.anaconda.org/conda-forge/linux-aarch64/libgomp-15.2.0-h8acb6b2_14.conda
  sha256: 230da4c881c7af77644cac52648da2a7799c7bf7c250983bbb64c1d793e42215
  md5: f08c95adda42a8f04c2ce888a36be575
  license: GPL-3.0-only WITH GCC-exception-3.1
  license_family: GPL
  size: 587557
  timestamp: 1764276303166
- conda: https://conda.anaconda.org/conda-forge/linux-64/libiconv-1.18-h3b78370_2.conda
  sha256: c467851a7312765447155e071752d7bf9bf44d610a5687e32706f480aad2833f
  md5: 915f5995e94f60e9a4826e0b0920ee88
  depends:
  - __glibc >=2.17,<3.0.a0
  - libgcc >=14
  license: LGPL-2.1-only
  size: 790176
  timestamp: 1754908768807
- conda: https://conda.anaconda.org/conda-forge/linux-aarch64/libiconv-1.18-h90929bb_2.conda
  sha256: 1473451cd282b48d24515795a595801c9b65b567fe399d7e12d50b2d6cdb04d9
  md5: 5a86bf847b9b926f3a4f203339748d78
  depends:
  - libgcc >=14
  license: LGPL-2.1-only
  size: 791226
  timestamp: 1754910975665
- conda: https://conda.anaconda.org/conda-forge/osx-64/libiconv-1.18-h57a12c2_2.conda
  sha256: a1c8cecdf9966921e13f0ae921309a1f415dfbd2b791f2117cf7e8f5e61a48b6
  md5: 210a85a1119f97ea7887188d176db135
  depends:
  - __osx >=10.13
  license: LGPL-2.1-only
  size: 737846
  timestamp: 1754908900138
- conda: https://conda.anaconda.org/conda-forge/linux-64/libllvm21-21.1.7-hf7376ad_0.conda
  sha256: afe5c5cfc90dc8b5b394e21cf02188394e36766119ad5d78a1d8619d011bbfb1
  md5: 27dc1a582b442f24979f2a28641fe478
  depends:
  - __glibc >=2.17,<3.0.a0
  - libgcc >=14
  - libstdcxx >=14
  - libxml2
  - libxml2-16 >=2.14.6
  - libzlib >=1.3.1,<2.0a0
  - zstd >=1.5.7,<1.6.0a0
  license: Apache-2.0 WITH LLVM-exception
  license_family: Apache
  size: 44320825
  timestamp: 1764711528746
- conda: https://conda.anaconda.org/conda-forge/linux-aarch64/libllvm21-21.1.7-hfd2ba90_0.conda
  sha256: 218b58e4ebd1470d1b28ddf61849ea4a3e17e75332e075d24945c2ae375357fe
  md5: 6627fdee03b7c7d943f70fd74a7c2ab0
  depends:
  - libgcc >=14
  - libstdcxx >=14
  - libxml2
  - libxml2-16 >=2.14.6
  - libzlib >=1.3.1,<2.0a0
  - zstd >=1.5.7,<1.6.0a0
  license: Apache-2.0 WITH LLVM-exception
  license_family: Apache
  size: 43155655
  timestamp: 1764703741821
- conda: https://conda.anaconda.org/conda-forge/osx-64/libllvm21-21.1.7-h56e7563_0.conda
  sha256: 75b0fb07f6ec4a36917dac4ff827576a0912788f3ff4dfebf00f3646a5d50a4f
  md5: eb0738ea663c4bb08f64550c53df9345
  depends:
  - __osx >=10.13
  - libcxx >=19
  - libxml2
  - libxml2-16 >=2.14.6
  - libzlib >=1.3.1,<2.0a0
  - zstd >=1.5.7,<1.6.0a0
  license: Apache-2.0 WITH LLVM-exception
  license_family: Apache
  size: 31417011
  timestamp: 1764712642279
- conda: https://conda.anaconda.org/conda-forge/linux-64/liblzma-5.8.1-hb9d3cd8_2.conda
  sha256: f2591c0069447bbe28d4d696b7fcb0c5bd0b4ac582769b89addbcf26fb3430d8
  md5: 1a580f7796c7bf6393fddb8bbbde58dc
  depends:
  - __glibc >=2.17,<3.0.a0
  - libgcc >=13
  constrains:
  - xz 5.8.1.*
  license: 0BSD
  size: 112894
  timestamp: 1749230047870
- conda: https://conda.anaconda.org/conda-forge/linux-aarch64/liblzma-5.8.1-h86ecc28_2.conda
  sha256: 498ea4b29155df69d7f20990a7028d75d91dbea24d04b2eb8a3d6ef328806849
  md5: 7d362346a479256857ab338588190da0
  depends:
  - libgcc >=13
  constrains:
  - xz 5.8.1.*
  license: 0BSD
  size: 125103
  timestamp: 1749232230009
- conda: https://conda.anaconda.org/conda-forge/osx-64/liblzma-5.8.1-hd471939_2.conda
  sha256: 7e22fd1bdb8bf4c2be93de2d4e718db5c548aa082af47a7430eb23192de6bb36
  md5: 8468beea04b9065b9807fc8b9cdc5894
  depends:
  - __osx >=10.13
  constrains:
  - xz 5.8.1.*
  license: 0BSD
  size: 104826
  timestamp: 1749230155443
- conda: https://conda.anaconda.org/conda-forge/linux-64/libstdcxx-15.2.0-h934c35e_14.conda
  sha256: bbeb7cf8b7eff000b2cb5ffb9a40d98fbb8f39c94768afaec38408c3097cde0d
  md5: 8e96fe9b17d5871b5cf9d312cab832f6
  depends:
  - __glibc >=2.17,<3.0.a0
  - libgcc 15.2.0 he0feb66_14
  constrains:
  - libstdcxx-ng ==15.2.0=*_14
  license: GPL-3.0-only WITH GCC-exception-3.1
  license_family: GPL
  size: 5856715
  timestamp: 1764277148231
- conda: https://conda.anaconda.org/conda-forge/linux-aarch64/libstdcxx-15.2.0-hef695bb_14.conda
  sha256: 21fd0d4381167fc625e7ab4bf4839934fe9b79290a1684c90c8eb0f3a4d77c25
  md5: 83f466be64f6bc1f7ece406c009e0586
  depends:
  - libgcc 15.2.0 h8acb6b2_14
  constrains:
  - libstdcxx-ng ==15.2.0=*_14
  license: GPL-3.0-only WITH GCC-exception-3.1
  license_family: GPL
  size: 5542572
  timestamp: 1764276435572
- conda: https://conda.anaconda.org/conda-forge/linux-64/libstdcxx-ng-15.2.0-hdf11a46_14.conda
  sha256: 63336f51b88029a9557a430aecbb08a11365aa03ec47ec8d14e542fec5dc80fb
  md5: 9531f671a13eec0597941fa19e489b96
  depends:
  - libstdcxx 15.2.0 h934c35e_14
  license: GPL-3.0-only WITH GCC-exception-3.1
  license_family: GPL
  size: 27200
  timestamp: 1764277193585
- conda: https://conda.anaconda.org/conda-forge/linux-aarch64/libstdcxx-ng-15.2.0-hdbbeba8_14.conda
  sha256: 16c15e293306429b6a014ac0106145c397f022e734a2a60bebd27a3d8166593e
  md5: 410b06d8a2f7dd0cc1b6acdfbcf101c6
  depends:
  - libstdcxx 15.2.0 hef695bb_14
  license: GPL-3.0-only WITH GCC-exception-3.1
  license_family: GPL
  size: 27126
  timestamp: 1764276483709
- conda: https://conda.anaconda.org/conda-forge/linux-64/libxml2-2.15.1-h26afc86_0.conda
  sha256: ec0735ae56c3549149eebd7dc22c0bed91fd50c02eaa77ff418613ddda190aa8
  md5: e512be7dc1f84966d50959e900ca121f
  depends:
  - __glibc >=2.17,<3.0.a0
  - icu >=75.1,<76.0a0
  - libgcc >=14
  - libiconv >=1.18,<2.0a0
  - liblzma >=5.8.1,<6.0a0
  - libxml2-16 2.15.1 ha9997c6_0
  - libzlib >=1.3.1,<2.0a0
  license: MIT
  license_family: MIT
  size: 45283
  timestamp: 1761015644057
- conda: https://conda.anaconda.org/conda-forge/linux-aarch64/libxml2-2.15.1-h788dabe_0.conda
  sha256: db0a568e0853ee38b7a4db1cb4ee76e57fe7c32ccb1d5b75f6618a1041d3c6e4
  md5: a0e7779b7625b88e37df9bd73f0638dc
  depends:
  - icu >=75.1,<76.0a0
  - libgcc >=14
  - libiconv >=1.18,<2.0a0
  - liblzma >=5.8.1,<6.0a0
  - libxml2-16 2.15.1 h8591a01_0
  - libzlib >=1.3.1,<2.0a0
  license: MIT
  license_family: MIT
  size: 47192
  timestamp: 1761015739999
- conda: https://conda.anaconda.org/conda-forge/osx-64/libxml2-2.15.1-h7b7ecba_0.conda
  sha256: ddf87bf05955d7870a41ca6f0e9fbd7b896b5a26ec1a98cd990883ac0b4f99bb
  md5: e7ed73b34f9d43d80b7e80eba9bce9f3
  depends:
  - __osx >=10.13
  - icu >=75.1,<76.0a0
  - libiconv >=1.18,<2.0a0
  - liblzma >=5.8.1,<6.0a0
  - libxml2-16 2.15.1 ha1d9b0f_0
  - libzlib >=1.3.1,<2.0a0
  license: MIT
  license_family: MIT
  size: 39985
  timestamp: 1761015935429
- conda: https://conda.anaconda.org/conda-forge/linux-64/libxml2-16-2.15.1-ha9997c6_0.conda
  sha256: 71436e72a286ef8b57d6f4287626ff91991eb03c7bdbe835280521791efd1434
  md5: e7733bc6785ec009e47a224a71917e84
  depends:
  - __glibc >=2.17,<3.0.a0
  - icu >=75.1,<76.0a0
  - libgcc >=14
  - libiconv >=1.18,<2.0a0
  - liblzma >=5.8.1,<6.0a0
  - libzlib >=1.3.1,<2.0a0
  constrains:
  - libxml2 2.15.1
  license: MIT
  license_family: MIT
  size: 556302
  timestamp: 1761015637262
- conda: https://conda.anaconda.org/conda-forge/linux-aarch64/libxml2-16-2.15.1-h8591a01_0.conda
  sha256: 7a13450bce2eeba8f8fb691868b79bf0891377b707493a527bd930d64d9b98af
  md5: e7177c6fbbf815da7b215b4cc3e70208
  depends:
  - icu >=75.1,<76.0a0
  - libgcc >=14
  - libiconv >=1.18,<2.0a0
  - liblzma >=5.8.1,<6.0a0
  - libzlib >=1.3.1,<2.0a0
  constrains:
  - libxml2 2.15.1
  license: MIT
  license_family: MIT
  size: 597078
  timestamp: 1761015734476
- conda: https://conda.anaconda.org/conda-forge/osx-64/libxml2-16-2.15.1-ha1d9b0f_0.conda
  sha256: e23c5ac1da7b9b65bd18bf32b68717cd9da0387941178cb4d8cc5513eb69a0a9
  md5: 453807a4b94005e7148f89f9327eb1b7
  depends:
  - __osx >=10.13
  - icu >=75.1,<76.0a0
  - libiconv >=1.18,<2.0a0
  - liblzma >=5.8.1,<6.0a0
  - libzlib >=1.3.1,<2.0a0
  constrains:
  - libxml2 2.15.1
  license: MIT
  license_family: MIT
  size: 494318
  timestamp: 1761015899881
- conda: https://conda.anaconda.org/conda-forge/linux-64/libzlib-1.3.1-hb9d3cd8_2.conda
  sha256: d4bfe88d7cb447768e31650f06257995601f89076080e76df55e3112d4e47dc4
  md5: edb0dca6bc32e4f4789199455a1dbeb8
  depends:
  - __glibc >=2.17,<3.0.a0
  - libgcc >=13
  constrains:
  - zlib 1.3.1 *_2
  license: Zlib
  license_family: Other
  size: 60963
  timestamp: 1727963148474
- conda: https://conda.anaconda.org/conda-forge/linux-aarch64/libzlib-1.3.1-h86ecc28_2.conda
  sha256: 5a2c1eeef69342e88a98d1d95bff1603727ab1ff4ee0e421522acd8813439b84
  md5: 08aad7cbe9f5a6b460d0976076b6ae64
  depends:
  - libgcc >=13
  constrains:
  - zlib 1.3.1 *_2
  license: Zlib
  license_family: Other
  size: 66657
  timestamp: 1727963199518
- conda: https://conda.anaconda.org/conda-forge/osx-64/libzlib-1.3.1-hd23fc13_2.conda
  sha256: 8412f96504fc5993a63edf1e211d042a1fd5b1d51dedec755d2058948fcced09
  md5: 003a54a4e32b02f7355b50a837e699da
  depends:
  - __osx >=10.13
  constrains:
  - zlib 1.3.1 *_2
  license: Zlib
  license_family: Other
  size: 57133
  timestamp: 1727963183990
- conda: https://conda.anaconda.org/conda-forge/noarch/omnisharp-roslyn-1.39.13-h267e887_0.conda
  sha256: 33b1036e2164e07257dbfe4a26f1c2000dda7057217c37316561b89abe8414a6
  md5: a19bb84403420f4f44bb88c268459085
  depends:
  - dotnet
  license: MIT
  license_family: MIT
  size: 15667974
  timestamp: 1744173400927
- conda: https://conda.anaconda.org/conda-forge/linux-aarch64/openssl-3.6.0-h8e36d6e_0.conda
  sha256: 8dd3b4c31fe176a3e51c5729b2c7f4c836a2ce3bd5c82082dc2a503ba9ee0af3
  md5: 7624c6e01aecba942e9115e0f5a2af9d
  depends:
  - ca-certificates
  - libgcc >=14
  license: Apache-2.0
  license_family: Apache
  size: 3705625
  timestamp: 1762841024958
- conda: https://conda.anaconda.org/conda-forge/win-64/ucrt-10.0.26100.0-h57928b3_0.conda
  sha256: 3005729dce6f3d3f5ec91dfc49fc75a0095f9cd23bab49efb899657297ac91a5
  md5: 71b24316859acd00bdb8b38f5e2ce328
  constrains:
  - vc14_runtime >=14.29.30037
  - vs2015_runtime >=14.29.30037
  license: LicenseRef-MicrosoftWindowsSDK10
  size: 694692
  timestamp: 1756385147981
- conda: https://conda.anaconda.org/conda-forge/win-64/vc-14.3-h2b53caa_32.conda
  sha256: 82250af59af9ff3c6a635dd4c4764c631d854feb334d6747d356d949af44d7cf
  md5: ef02bbe151253a72b8eda264a935db66
  depends:
  - vc14_runtime >=14.42.34433
  track_features:
  - vc14
  license: BSD-3-Clause
  license_family: BSD
  size: 18861
  timestamp: 1760418772353
- conda: https://conda.anaconda.org/conda-forge/win-64/vc14_runtime-14.44.35208-h818238b_32.conda
  sha256: e3a3656b70d1202e0d042811ceb743bd0d9f7e00e2acdf824d231b044ef6c0fd
  md5: 378d5dcec45eaea8d303da6f00447ac0
  depends:
  - ucrt >=10.0.20348.0
  - vcomp14 14.44.35208 h818238b_32
  constrains:
  - vs2015_runtime 14.44.35208.* *_32
  license: LicenseRef-MicrosoftVisualCpp2015-2022Runtime
  license_family: Proprietary
  size: 682706
  timestamp: 1760418629729
- conda: https://conda.anaconda.org/conda-forge/win-64/vcomp14-14.44.35208-h818238b_32.conda
  sha256: f3790c88fbbdc55874f41de81a4237b1b91eab75e05d0e58661518ff04d2a8a1
  md5: 58f67b437acbf2764317ba273d731f1d
  depends:
  - ucrt >=10.0.20348.0
  constrains:
  - vs2015_runtime 14.44.35208.* *_32
  license: LicenseRef-MicrosoftVisualCpp2015-2022Runtime
  license_family: Proprietary
  size: 114846
  timestamp: 1760418593847
- conda: https://conda.anaconda.org/conda-forge/linux-64/zstd-1.5.7-h3691f8a_5.conda
  sha256: aac5f0258a051a842b6ffe0c20303d1ff6471bf45350d61351839044ccf5d8fd
  md5: deab14816773ef8762baeec73bb0d456
  depends:
  - __glibc >=2.17,<3.0.a0
  - libzlib >=1.3.1,<2.0a0
  license: BSD-3-Clause
  license_family: BSD
  size: 550303
  timestamp: 1764566784586
- conda: https://conda.anaconda.org/conda-forge/linux-aarch64/zstd-1.5.7-hefd9da6_5.conda
  sha256: 775fe821aecce560cf964d208c772a10de40d4d96ae78380e3017fbb61226111
  md5: eb44180fd0e2862607428721771c8587
  depends:
  - libzlib >=1.3.1,<2.0a0
  license: BSD-3-Clause
  license_family: BSD
  size: 542374
  timestamp: 1764566742150
- conda: https://conda.anaconda.org/conda-forge/osx-64/zstd-1.5.7-h281d3d1_5.conda
  sha256: d4abaac202f6d59750def37b003c7645b3b7eba2e132717a3d88b1399b2bd298
  md5: de488ea4c951e8eb642e19d574e7414b
  depends:
  - __osx >=10.13
  - libzlib >=1.3.1,<2.0a0
  license: BSD-3-Clause
  license_family: BSD
  size: 476249
  timestamp: 1764567098876
