{
  "version": 1,
  "dependencies": {
    "net10.0": {
      "Microsoft.NET.Test.Sdk": {
        "type": "Direct",
        "requested": "[17.13.0, )",
        "resolved": "17.13.0",
        "contentHash": "W19wCPizaIC9Zh47w8wWI/yxuqR7/dtABwOrc8r2jX/8mUNxM2vw4fXDh+DJTeogxV+KzKwg5jNNGQVwf3LXyA==",
        "dependencies": {
          "Microsoft.CodeCoverage": "17.13.0",
          "Microsoft.TestPlatform.TestHost": "17.13.0"
        }
      },
      "System.Reflection.Metadata": {
        "type": "Direct",
        "requested": "[10.0.7, )",
        "resolved": "10.0.7",
        "contentHash": "FEBU/i3gHeleqayWrbWieI5MlepDBTcjAxMzjGbK7FwGtlpxGSU1Lt11W1/o4ExdqsNtboiVhT5s4kNtH3eqvw=="
      },
      "xunit.runner.visualstudio": {
        "type": "Direct",
        "requested": "[3.1.1, )",
        "resolved": "3.1.1",
        "contentHash": "gNu2zhnuwjq5vQlU4S7yK/lfaKZDLmtcu+vTjnhfTlMAUYn+Hmgu8IIX0UCwWepYkk+Szx03DHx1bDnc9Fd+9w=="
      },
      "xunit.v3": {
        "type": "Direct",
        "requested": "[2.0.3, )",
        "resolved": "2.0.3",
        "contentHash": "Zx2r5xnUgyAIhI3cvfKaAr7Mj0Enn0zFhaMoTJ2hRYEPJlqlllUkTUvBBYalZQvpXGub/UQWq1nY5erD7Zv1cA==",
        "dependencies": {
          "xunit.analyzers": "1.22.0",
          "xunit.v3.assert": "[2.0.3]",
          "xunit.v3.core": "[2.0.3]"
        }
      },
      "Microsoft.Bcl.AsyncInterfaces": {
        "type": "Transitive",
        "resolved": "6.0.0",
        "contentHash": "UcSjPsst+DfAdJGVDsu346FX0ci0ah+lw3WRtn18NUwEqRt70HaOQ7lI72vy3+1LxtqI3T5GWwV39rQSrCzAeg=="
      },
      "Microsoft.CodeCoverage": {
        "type": "Transitive",
        "resolved": "17.13.0",
        "contentHash": "9LIUy0y+DvUmEPtbRDw6Bay3rzwqFV8P4efTrK4CZhQle3M/QwLPjISghfcolmEGAPWxuJi6m98ZEfk4VR4Lfg=="
      },
      "Microsoft.Testing.Extensions.TrxReport.Abstractions": {
        "type": "Transitive",
        "resolved": "1.6.3",
        "contentHash": "0MdowM+3IDVWE5VBzVe9NvxsE4caSbM3fO+jlWVzEBr/Vnc3BWx+uV/Ex0dLLpkxkeUKH2gGWTNLb39rw3DDqw==",
        "dependencies": {
          "Microsoft.Testing.Platform": "1.6.3"
        }
      },
      "Microsoft.Testing.Platform": {
        "type": "Transitive",
        "resolved": "1.6.3",
        "contentHash": "DqMZukaPo+vKzColfqd1I5qZebfISZT6ND70AOem/dYQmHsaMN0xg/JG7E0e80rwfxL7wAA4ylSg8j6KJf1Tuw=="
      },
      "Microsoft.Testing.Platform.MSBuild": {
        "type": "Transitive",
        "resolved": "1.6.3",
        "contentHash": "PXSYI5Iae29GM5636zOL8PlQD1YyOa9cfzfYLR43hrLjjK7RDJgMTvgAet3oZLgDTvz6pbzABZvhx+S/W5m8YA==",
        "dependencies": {
          "Microsoft.Testing.Platform": "1.6.3"
        }
      },
      "Microsoft.TestPlatform.ObjectModel": {
        "type": "Transitive",
        "resolved": "17.13.0",
        "contentHash": "bt0E0Dx+iqW97o4A59RCmUmz/5NarJ7LRL+jXbSHod72ibL5XdNm1Ke+UO5tFhBG4VwHLcSjqq9BUSblGNWamw=="
      },
      "Microsoft.TestPlatform.TestHost": {
        "type": "Transitive",
        "resolved": "17.13.0",
        "contentHash": "9GGw08Dc3AXspjekdyTdZ/wYWFlxbgcF0s7BKxzVX+hzAwpifDOdxM+ceVaaJSQOwqt3jtuNlHn3XTpKUS9x9Q==",
        "dependencies": {
          "Microsoft.TestPlatform.ObjectModel": "17.13.0",
          "Newtonsoft.Json": "13.0.1"
        }
      },
      "Newtonsoft.Json": {
        "type": "Transitive",
        "resolved": "13.0.4",
        "contentHash": "pdgNNMai3zv51W5aq268sujXUyx7SNdE2bj1wZcWjAQrKMFZV260lbqYop1d2GM67JI1huLRwxo9ZqnfF/lC6A=="
      },
      "T4.Build": {
        "type": "Transitive",
        "resolved": "0.2.5",
        "contentHash": "RP2vSTtlN98mcRNUYx4ncOvT1sD9Ne9/4OF84CrWMxf/jtNGEl2i2NxiwLWDk/cDBvIL2wJ33ufSsN7OiIYwOA=="
      },
      "xunit.analyzers": {
        "type": "Transitive",
        "resolved": "1.22.0",
        "contentHash": "MXTmnlJLQPSJfgxibeFgpUP5sj+3649BWkf3WgeUhAVUrI3nXzWE+BGH4OPfWkG2Q5x0SzIKgegikNhnfMgaXQ=="
      },
      "xunit.v3.assert": {
        "type": "Transitive",
        "resolved": "2.0.3",
        "contentHash": "6uTT9zLyg7YtP8fAZqOFcCpeGXtsh6K1+QVHHJl/aoQObr2qHvhGMuZbm5UYf4z49ytpQt6NzP6Iq4uWEBBh4g=="
      },
      "xunit.v3.common": {
        "type": "Transitive",
        "resolved": "2.0.3",
        "contentHash": "u3kTB9Fqo6X8keccsW4Zkn87nQNxMNZGm1rjJjCC0yThKP77N8H52Fx6CaochjGeGzEc2w9CUDu7C2ygu61bYg==",
        "dependencies": {
          "Microsoft.Bcl.AsyncInterfaces": "6.0.0"
        }
      },
      "xunit.v3.core": {
        "type": "Transitive",
        "resolved": "2.0.3",
        "contentHash": "KN2xOHNVGXI6AsPKatV9urqVs2YIGQ+2klY6HLys/oQauBVoS2W2+BRZz1rnwoJ+5aK+2+gfe1rLKi8iInT9Ow==",
        "dependencies": {
          "Microsoft.Testing.Platform.MSBuild": "1.6.3",
          "xunit.v3.extensibility.core": "[2.0.3]",
          "xunit.v3.runner.inproc.console": "[2.0.3]"
        }
      },
      "xunit.v3.extensibility.core": {
        "type": "Transitive",
        "resolved": "2.0.3",
        "contentHash": "1uxfWR72veq0b5/3ghEA2zRAkdqmnA9ahCxWr1VEb2q6MBNKx6aHsAL85PyY172f1dsvUMqh7BSelaHsR5Df5w==",
        "dependencies": {
          "xunit.v3.common": "[2.0.3]"
        }
      },
      "xunit.v3.runner.common": {
        "type": "Transitive",
        "resolved": "2.0.3",
        "contentHash": "Q+43ogqiJlWOG3l6Me7iNTm68CvVdX16OsHDoQcKCUEvWXHyiSRGBkcmMAT3OVENH0wS69QHi0q4mb3VsAbclA==",
        "dependencies": {
          "xunit.v3.common": "[2.0.3]"
        }
      },
      "xunit.v3.runner.inproc.console": {
        "type": "Transitive",
        "resolved": "2.0.3",
        "contentHash": "S65IrpHbt9nHotyfs6MnjNsc8bZUMBLHHJcyky4ywDNKx+k07sjwaGb+otLQA4Z6FPCGIPrL7u0ThQm76FxBZw==",
        "dependencies": {
          "Microsoft.Testing.Extensions.TrxReport.Abstractions": "1.6.3",
          "Microsoft.Testing.Platform": "1.6.3",
          "xunit.v3.extensibility.core": "[2.0.3]",
          "xunit.v3.runner.common": "[2.0.3]"
        }
      },
      "mmor.net": {
        "type": "Project",
        "dependencies": {
          "MMOR.Roslyn": "[0.1.0, )",
          "Newtonsoft.Json": "[13.0.*, )",
          "T4.Build": "[0.2.5, )"
        }
      },
      "mmor.roslyn": {
        "type": "Project"
      }
    },
    "net8.0": {
      "Microsoft.NET.Test.Sdk": {
        "type": "Direct",
        "requested": "[17.13.0, )",
        "resolved": "17.13.0",
        "contentHash": "W19wCPizaIC9Zh47w8wWI/yxuqR7/dtABwOrc8r2jX/8mUNxM2vw4fXDh+DJTeogxV+KzKwg5jNNGQVwf3LXyA==",
        "dependencies": {
          "Microsoft.CodeCoverage": "17.13.0",
          "Microsoft.TestPlatform.TestHost": "17.13.0"
        }
      },
      "System.Reflection.Metadata": {
        "type": "Direct",
        "requested": "[10.0.7, )",
        "resolved": "10.0.7",
        "contentHash": "FEBU/i3gHeleqayWrbWieI5MlepDBTcjAxMzjGbK7FwGtlpxGSU1Lt11W1/o4ExdqsNtboiVhT5s4kNtH3eqvw==",
        "dependencies": {
          "System.Collections.Immutable": "10.0.7"
        }
      },
      "xunit.runner.visualstudio": {
        "type": "Direct",
        "requested": "[3.1.1, )",
        "resolved": "3.1.1",
        "contentHash": "gNu2zhnuwjq5vQlU4S7yK/lfaKZDLmtcu+vTjnhfTlMAUYn+Hmgu8IIX0UCwWepYkk+Szx03DHx1bDnc9Fd+9w=="
      },
      "xunit.v3": {
        "type": "Direct",
        "requested": "[2.0.3, )",
        "resolved": "2.0.3",
        "contentHash": "Zx2r5xnUgyAIhI3cvfKaAr7Mj0Enn0zFhaMoTJ2hRYEPJlqlllUkTUvBBYalZQvpXGub/UQWq1nY5erD7Zv1cA==",
        "dependencies": {
          "xunit.analyzers": "1.22.0",
          "xunit.v3.assert": "[2.0.3]",
          "xunit.v3.core": "[2.0.3]"
        }
      },
      "Microsoft.Bcl.AsyncInterfaces": {
        "type": "Transitive",
        "resolved": "6.0.0",
        "contentHash": "UcSjPsst+DfAdJGVDsu346FX0ci0ah+lw3WRtn18NUwEqRt70HaOQ7lI72vy3+1LxtqI3T5GWwV39rQSrCzAeg=="
      },
      "Microsoft.CodeCoverage": {
        "type": "Transitive",
        "resolved": "17.13.0",
        "contentHash": "9LIUy0y+DvUmEPtbRDw6Bay3rzwqFV8P4efTrK4CZhQle3M/QwLPjISghfcolmEGAPWxuJi6m98ZEfk4VR4Lfg=="
      },
      "Microsoft.Testing.Extensions.TrxReport.Abstractions": {
        "type": "Transitive",
        "resolved": "1.6.3",
        "contentHash": "0MdowM+3IDVWE5VBzVe9NvxsE4caSbM3fO+jlWVzEBr/Vnc3BWx+uV/Ex0dLLpkxkeUKH2gGWTNLb39rw3DDqw==",
        "dependencies": {
          "Microsoft.Testing.Platform": "1.6.3"
        }
      },
      "Microsoft.Testing.Platform": {
        "type": "Transitive",
        "resolved": "1.6.3",
        "contentHash": "DqMZukaPo+vKzColfqd1I5qZebfISZT6ND70AOem/dYQmHsaMN0xg/JG7E0e80rwfxL7wAA4ylSg8j6KJf1Tuw=="
      },
      "Microsoft.Testing.Platform.MSBuild": {
        "type": "Transitive",
        "resolved": "1.6.3",
        "contentHash": "PXSYI5Iae29GM5636zOL8PlQD1YyOa9cfzfYLR43hrLjjK7RDJgMTvgAet3oZLgDTvz6pbzABZvhx+S/W5m8YA==",
        "dependencies": {
          "Microsoft.Testing.Platform": "1.6.3"
        }
      },
      "Microsoft.TestPlatform.ObjectModel": {
        "type": "Transitive",
        "resolved": "17.13.0",
        "contentHash": "bt0E0Dx+iqW97o4A59RCmUmz/5NarJ7LRL+jXbSHod72ibL5XdNm1Ke+UO5tFhBG4VwHLcSjqq9BUSblGNWamw=="
      },
      "Microsoft.TestPlatform.TestHost": {
        "type": "Transitive",
        "resolved": "17.13.0",
        "contentHash": "9GGw08Dc3AXspjekdyTdZ/wYWFlxbgcF0s7BKxzVX+hzAwpifDOdxM+ceVaaJSQOwqt3jtuNlHn3XTpKUS9x9Q==",
        "dependencies": {
          "Microsoft.TestPlatform.ObjectModel": "17.13.0",
          "Newtonsoft.Json": "13.0.1"
        }
      },
      "Newtonsoft.Json": {
        "type": "Transitive",
        "resolved": "13.0.4",
        "contentHash": "pdgNNMai3zv51W5aq268sujXUyx7SNdE2bj1wZcWjAQrKMFZV260lbqYop1d2GM67JI1huLRwxo9ZqnfF/lC6A=="
      },
      "System.Collections.Immutable": {
        "type": "Transitive",
        "resolved": "10.0.10",
        "contentHash": "Ih5zrydoDc1H5I0eNP6f4Lzw3cjsPMN4Nikd86kbyi66y0flkM9GfjVo62aUbcxeTbypzBCFAFQ+/6RF2jRORg=="
      },
      "T4.Build": {
        "type": "Transitive",
        "resolved": "0.2.5",
        "contentHash": "RP2vSTtlN98mcRNUYx4ncOvT1sD9Ne9/4OF84CrWMxf/jtNGEl2i2NxiwLWDk/cDBvIL2wJ33ufSsN7OiIYwOA=="
      },
      "xunit.analyzers": {
        "type": "Transitive",
        "resolved": "1.22.0",
        "contentHash": "MXTmnlJLQPSJfgxibeFgpUP5sj+3649BWkf3WgeUhAVUrI3nXzWE+BGH4OPfWkG2Q5x0SzIKgegikNhnfMgaXQ=="
      },
      "xunit.v3.assert": {
        "type": "Transitive",
        "resolved": "2.0.3",
        "contentHash": "6uTT9zLyg7YtP8fAZqOFcCpeGXtsh6K1+QVHHJl/aoQObr2qHvhGMuZbm5UYf4z49ytpQt6NzP6Iq4uWEBBh4g=="
      },
      "xunit.v3.common": {
        "type": "Transitive",
        "resolved": "2.0.3",
        "contentHash": "u3kTB9Fqo6X8keccsW4Zkn87nQNxMNZGm1rjJjCC0yThKP77N8H52Fx6CaochjGeGzEc2w9CUDu7C2ygu61bYg==",
        "dependencies": {
          "Microsoft.Bcl.AsyncInterfaces": "6.0.0"
        }
      },
      "xunit.v3.core": {
        "type": "Transitive",
        "resolved": "2.0.3",
        "contentHash": "KN2xOHNVGXI6AsPKatV9urqVs2YIGQ+2klY6HLys/oQauBVoS2W2+BRZz1rnwoJ+5aK+2+gfe1rLKi8iInT9Ow==",
        "dependencies": {
          "Microsoft.Testing.Platform.MSBuild": "1.6.3",
          "xunit.v3.extensibility.core": "[2.0.3]",
          "xunit.v3.runner.inproc.console": "[2.0.3]"
        }
      },
      "xunit.v3.extensibility.core": {
        "type": "Transitive",
        "resolved": "2.0.3",
        "contentHash": "1uxfWR72veq0b5/3ghEA2zRAkdqmnA9ahCxWr1VEb2q6MBNKx6aHsAL85PyY172f1dsvUMqh7BSelaHsR5Df5w==",
        "dependencies": {
          "xunit.v3.common": "[2.0.3]"
        }
      },
      "xunit.v3.runner.common": {
        "type": "Transitive",
        "resolved": "2.0.3",
        "contentHash": "Q+43ogqiJlWOG3l6Me7iNTm68CvVdX16OsHDoQcKCUEvWXHyiSRGBkcmMAT3OVENH0wS69QHi0q4mb3VsAbclA==",
        "dependencies": {
          "xunit.v3.common": "[2.0.3]"
        }
      },
      "xunit.v3.runner.inproc.console": {
        "type": "Transitive",
        "resolved": "2.0.3",
        "contentHash": "S65IrpHbt9nHotyfs6MnjNsc8bZUMBLHHJcyky4ywDNKx+k07sjwaGb+otLQA4Z6FPCGIPrL7u0ThQm76FxBZw==",
        "dependencies": {
          "Microsoft.Testing.Extensions.TrxReport.Abstractions": "1.6.3",
          "Microsoft.Testing.Platform": "1.6.3",
          "xunit.v3.extensibility.core": "[2.0.3]",
          "xunit.v3.runner.common": "[2.0.3]"
        }
      },
      "mmor.net": {
        "type": "Project",
        "dependencies": {
          "MMOR.Roslyn": "[0.1.0, )",
          "Newtonsoft.Json": "[13.0.*, )",
          "System.Collections.Immutable": "[10.0.*, )",
          "T4.Build": "[0.2.5, )"
        }
      },
      "mmor.roslyn": {
        "type": "Project"
      }
    },
    "net9.0": {
      "Microsoft.NET.Test.Sdk": {
        "type": "Direct",
        "requested": "[17.13.0, )",
        "resolved": "17.13.0",
        "contentHash": "W19wCPizaIC9Zh47w8wWI/yxuqR7/dtABwOrc8r2jX/8mUNxM2vw4fXDh+DJTeogxV+KzKwg5jNNGQVwf3LXyA==",
        "dependencies": {
          "Microsoft.CodeCoverage": "17.13.0",
          "Microsoft.TestPlatform.TestHost": "17.13.0"
        }
      },
      "System.Reflection.Metadata": {
        "type": "Direct",
        "requested": "[10.0.7, )",
        "resolved": "10.0.7",
        "contentHash": "FEBU/i3gHeleqayWrbWieI5MlepDBTcjAxMzjGbK7FwGtlpxGSU1Lt11W1/o4ExdqsNtboiVhT5s4kNtH3eqvw==",
        "dependencies": {
          "System.Collections.Immutable": "10.0.7"
        }
      },
      "xunit.runner.visualstudio": {
        "type": "Direct",
        "requested": "[3.1.1, )",
        "resolved": "3.1.1",
        "contentHash": "gNu2zhnuwjq5vQlU4S7yK/lfaKZDLmtcu+vTjnhfTlMAUYn+Hmgu8IIX0UCwWepYkk+Szx03DHx1bDnc9Fd+9w=="
      },
      "xunit.v3": {
        "type": "Direct",
        "requested": "[2.0.3, )",
        "resolved": "2.0.3",
        "contentHash": "Zx2r5xnUgyAIhI3cvfKaAr7Mj0Enn0zFhaMoTJ2hRYEPJlqlllUkTUvBBYalZQvpXGub/UQWq1nY5erD7Zv1cA==",
        "dependencies": {
          "xunit.analyzers": "1.22.0",
          "xunit.v3.assert": "[2.0.3]",
          "xunit.v3.core": "[2.0.3]"
        }
      },
      "Microsoft.Bcl.AsyncInterfaces": {
        "type": "Transitive",
        "resolved": "6.0.0",
        "contentHash": "UcSjPsst+DfAdJGVDsu346FX0ci0ah+lw3WRtn18NUwEqRt70HaOQ7lI72vy3+1LxtqI3T5GWwV39rQSrCzAeg=="
      },
      "Microsoft.CodeCoverage": {
        "type": "Transitive",
        "resolved": "17.13.0",
        "contentHash": "9LIUy0y+DvUmEPtbRDw6Bay3rzwqFV8P4efTrK4CZhQle3M/QwLPjISghfcolmEGAPWxuJi6m98ZEfk4VR4Lfg=="
      },
      "Microsoft.Testing.Extensions.TrxReport.Abstractions": {
        "type": "Transitive",
        "resolved": "1.6.3",
        "contentHash": "0MdowM+3IDVWE5VBzVe9NvxsE4caSbM3fO+jlWVzEBr/Vnc3BWx+uV/Ex0dLLpkxkeUKH2gGWTNLb39rw3DDqw==",
        "dependencies": {
          "Microsoft.Testing.Platform": "1.6.3"
        }
      },
      "Microsoft.Testing.Platform": {
        "type": "Transitive",
        "resolved": "1.6.3",
        "contentHash": "DqMZukaPo+vKzColfqd1I5qZebfISZT6ND70AOem/dYQmHsaMN0xg/JG7E0e80rwfxL7wAA4ylSg8j6KJf1Tuw=="
      },
      "Microsoft.Testing.Platform.MSBuild": {
        "type": "Transitive",
        "resolved": "1.6.3",
        "contentHash": "PXSYI5Iae29GM5636zOL8PlQD1YyOa9cfzfYLR43hrLjjK7RDJgMTvgAet3oZLgDTvz6pbzABZvhx+S/W5m8YA==",
        "dependencies": {
          "Microsoft.Testing.Platform": "1.6.3"
        }
      },
      "Microsoft.TestPlatform.ObjectModel": {
        "type": "Transitive",
        "resolved": "17.13.0",
        "contentHash": "bt0E0Dx+iqW97o4A59RCmUmz/5NarJ7LRL+jXbSHod72ibL5XdNm1Ke+UO5tFhBG4VwHLcSjqq9BUSblGNWamw=="
      },
      "Microsoft.TestPlatform.TestHost": {
        "type": "Transitive",
        "resolved": "17.13.0",
        "contentHash": "9GGw08Dc3AXspjekdyTdZ/wYWFlxbgcF0s7BKxzVX+hzAwpifDOdxM+ceVaaJSQOwqt3jtuNlHn3XTpKUS9x9Q==",
        "dependencies": {
          "Microsoft.TestPlatform.ObjectModel": "17.13.0",
          "Newtonsoft.Json": "13.0.1"
        }
      },
      "Newtonsoft.Json": {
        "type": "Transitive",
        "resolved": "13.0.4",
        "contentHash": "pdgNNMai3zv51W5aq268sujXUyx7SNdE2bj1wZcWjAQrKMFZV260lbqYop1d2GM67JI1huLRwxo9ZqnfF/lC6A=="
      },
      "System.Collections.Immutable": {
        "type": "Transitive",
        "resolved": "10.0.10",
        "contentHash": "Ih5zrydoDc1H5I0eNP6f4Lzw3cjsPMN4Nikd86kbyi66y0flkM9GfjVo62aUbcxeTbypzBCFAFQ+/6RF2jRORg=="
      },
      "T4.Build": {
        "type": "Transitive",
        "resolved": "0.2.5",
        "contentHash": "RP2vSTtlN98mcRNUYx4ncOvT1sD9Ne9/4OF84CrWMxf/jtNGEl2i2NxiwLWDk/cDBvIL2wJ33ufSsN7OiIYwOA=="
      },
      "xunit.analyzers": {
        "type": "Transitive",
        "resolved": "1.22.0",
        "contentHash": "MXTmnlJLQPSJfgxibeFgpUP5sj+3649BWkf3WgeUhAVUrI3nXzWE+BGH4OPfWkG2Q5x0SzIKgegikNhnfMgaXQ=="
      },
      "xunit.v3.assert": {
        "type": "Transitive",
        "resolved": "2.0.3",
        "contentHash": "6uTT9zLyg7YtP8fAZqOFcCpeGXtsh6K1+QVHHJl/aoQObr2qHvhGMuZbm5UYf4z49ytpQt6NzP6Iq4uWEBBh4g=="
      },
      "xunit.v3.common": {
        "type": "Transitive",
        "resolved": "2.0.3",
        "contentHash": "u3kTB9Fqo6X8keccsW4Zkn87nQNxMNZGm1rjJjCC0yThKP77N8H52Fx6CaochjGeGzEc2w9CUDu7C2ygu61bYg==",
        "dependencies": {
          "Microsoft.Bcl.AsyncInterfaces": "6.0.0"
        }
      },
      "xunit.v3.core": {
        "type": "Transitive",
        "resolved": "2.0.3",
        "contentHash": "KN2xOHNVGXI6AsPKatV9urqVs2YIGQ+2klY6HLys/oQauBVoS2W2+BRZz1rnwoJ+5aK+2+gfe1rLKi8iInT9Ow==",
        "dependencies": {
          "Microsoft.Testing.Platform.MSBuild": "1.6.3",
          "xunit.v3.extensibility.core": "[2.0.3]",
          "xunit.v3.runner.inproc.console": "[2.0.3]"
        }
      },
      "xunit.v3.extensibility.core": {
        "type": "Transitive",
        "resolved": "2.0.3",
        "contentHash": "1uxfWR72veq0b5/3ghEA2zRAkdqmnA9ahCxWr1VEb2q6MBNKx6aHsAL85PyY172f1dsvUMqh7BSelaHsR5Df5w==",
        "dependencies": {
          "xunit.v3.common": "[2.0.3]"
        }
      },
      "xunit.v3.runner.common": {
        "type": "Transitive",
        "resolved": "2.0.3",
        "contentHash": "Q+43ogqiJlWOG3l6Me7iNTm68CvVdX16OsHDoQcKCUEvWXHyiSRGBkcmMAT3OVENH0wS69QHi0q4mb3VsAbclA==",
        "dependencies": {
          "xunit.v3.common": "[2.0.3]"
        }
      },
      "xunit.v3.runner.inproc.console": {
        "type": "Transitive",
        "resolved": "2.0.3",
        "contentHash": "S65IrpHbt9nHotyfs6MnjNsc8bZUMBLHHJcyky4ywDNKx+k07sjwaGb+otLQA4Z6FPCGIPrL7u0ThQm76FxBZw==",
        "dependencies": {
          "Microsoft.Testing.Extensions.TrxReport.Abstractions": "1.6.3",
          "Microsoft.Testing.Platform": "1.6.3",
          "xunit.v3.extensibility.core": "[2.0.3]",
          "xunit.v3.runner.common": "[2.0.3]"
        }
      },
      "mmor.net": {
        "type": "Project",
        "dependencies": {
          "MMOR.Roslyn": "[0.1.0, )",
          "Newtonsoft.Json": "[13.0.*, )",
          "System.Collections.Immutable": "[10.0.*, )",
          "T4.Build": "[0.2.5, )"
        }
      },
      "mmor.roslyn": {
        "type": "Project"
      }
    }
  }
}